// !$*UTF8*$!
{
	archiveVersion = 1;
	classes = {
	};
	objectVersion = 48;
	objects = {

/* Begin PBXBuildFile section */
		072F04791FF20BB5003E4EE4 /* AppDelegate.m in Sources */ = {isa = PBXBuildFile; fileRef = 072F04781FF20BB5003E4EE4 /* AppDelegate.m */; };
		072F047F1FF20BB5003E4EE4 /* Main.storyboard in Resources */ = {isa = PBXBuildFile; fileRef = 072F047D1FF20BB5003E4EE4 /* Main.storyboard */; };
		072F04811FF20BB5003E4EE4 /* Assets.xcassets in Resources */ = {isa = PBXBuildFile; fileRef = 072F04801FF20BB5003E4EE4 /* Assets.xcassets */; };
		072F04841FF20BB5003E4EE4 /* LaunchScreen.storyboard in Resources */ = {isa = PBXBuildFile; fileRef = 072F04821FF20BB5003E4EE4 /* LaunchScreen.storyboard */; };
		072F04871FF20BB5003E4EE4 /* main.m in Sources */ = {isa = PBXBuildFile; fileRef = 072F04861FF20BB5003E4EE4 /* main.m */; };
		072F048E1FF212CB003E4EE4 /* TableData.plist in Resources */ = {isa = PBXBuildFile; fileRef = 072F048D1FF212CA003E4EE4 /* TableData.plist */; };
		072F04911FF21339003E4EE4 /* CBAccessoryTableViewController.m in Sources */ = {isa = PBXBuildFile; fileRef = 072F04901FF21339003E4EE4 /* CBAccessoryTableViewController.m */; };
		072F04941FF213BB003E4EE4 /* CBCustomAccessoryTableViewController.m in Sources */ = {isa = PBXBuildFile; fileRef = 072F04931FF213BB003E4EE4 /* CBCustomAccessoryTableViewController.m */; };
		072F04971FF214F4003E4EE4 /* CBDetailViewController.m in Sources */ = {isa = PBXBuildFile; fileRef = 072F04961FF214F4003E4EE4 /* CBDetailViewController.m */; };
		072F049A1FF215E1003E4EE4 /* CBCustomCell.m in Sources */ = {isa = PBXBuildFile; fileRef = 072F04991FF215E1003E4EE4 /* CBCustomCell.m */; };
		072F049D1FF217AE003E4EE4 /* CBCheckBox.m in Sources */ = {isa = PBXBuildFile; fileRef = 072F049C1FF217AE003E4EE4 /* CBCheckBox.m */; };
/* End PBXBuildFile section */

/* Begin PBXFileReference section */
		072F04741FF20BB5003E4EE4 /* Accessory.app */ = {isa = PBXFileReference; explicitFileType = wrapper.application; includeInIndex = 0; path = Accessory.app; sourceTree = BUILT_PRODUCTS_DIR; };
		072F04771FF20BB5003E4EE4 /* AppDelegate.h */ = {isa = PBXFileReference; lastKnownFileType = sourcecode.c.h; path = AppDelegate.h; sourceTree = "<group>"; };
		072F04781FF20BB5003E4EE4 /* AppDelegate.m */ = {isa = PBXFileReference; lastKnownFileType = sourcecode.c.objc; path = AppDelegate.m; sourceTree = "<group>"; };
		072F047E1FF20BB5003E4EE4 /* Base */ = {isa = PBXFileReference; lastKnownFileType = file.storyboard; name = Base; path = Base.lproj/Main.storyboard; sourceTree = "<group>"; };
		072F04801FF20BB5003E4EE4 /* Assets.xcassets */ = {isa = PBXFileReference; lastKnownFileType = folder.assetcatalog; path = Assets.xcassets; sourceTree = "<group>"; };
		072F04831FF20BB5003E4EE4 /* Base */ = {isa = PBXFileReference; lastKnownFileType = file.storyboard; name = Base; path = Base.lproj/LaunchScreen.storyboard; sourceTree = "<group>"; };
		072F04851FF20BB5003E4EE4 /* Info.plist */ = {isa = PBXFileReference; lastKnownFileType = text.plist.xml; path = Info.plist; sourceTree = "<group>"; };
		072F04861FF20BB5003E4EE4 /* main.m */ = {isa = PBXFileReference; lastKnownFileType = sourcecode.c.objc; path = main.m; sourceTree = "<group>"; };
		072F048D1FF212CA003E4EE4 /* TableData.plist */ = {isa = PBXFileReference; fileEncoding = 4; lastKnownFileType = text.plist.xml; path = TableData.plist; sourceTree = "<group>"; };
		072F048F1FF21339003E4EE4 /* CBAccessoryTableViewController.h */ = {isa = PBXFileReference; lastKnownFileType = sourcecode.c.h; path = CBAccessoryTableViewController.h; sourceTree = "<group>"; };
		072F04901FF21339003E4EE4 /* CBAccessoryTableViewController.m */ = {isa = PBXFileReference; lastKnownFileType = sourcecode.c.objc; path = CBAccessoryTableViewController.m; sourceTree = "<group>"; };
		072F04921FF213BB003E4EE4 /* CBCustomAccessoryTableViewController.h */ = {isa = PBXFileReference; lastKnownFileType = sourcecode.c.h; path = CBCustomAccessoryTableViewController.h; sourceTree = "<group>"; };
		072F04931FF213BB003E4EE4 /* CBCustomAccessoryTableViewController.m */ = {isa = PBXFileReference; lastKnownFileType = sourcecode.c.objc; path = CBCustomAccessoryTableViewController.m; sourceTree = "<group>"; };
		072F04951FF214F4003E4EE4 /* CBDetailViewController.h */ = {isa = PBXFileReference; lastKnownFileType = sourcecode.c.h; path = CBDetailViewController.h; sourceTree = "<group>"; };
		072F04961FF214F4003E4EE4 /* CBDetailViewController.m */ = {isa = PBXFileReference; lastKnownFileType = sourcecode.c.objc; path = CBDetailViewController.m; sourceTree = "<group>"; };
		072F04981FF215E1003E4EE4 /* CBCustomCell.h */ = {isa = PBXFileReference; lastKnownFileType = sourcecode.c.h; path = CBCustomCell.h; sourceTree = "<group>"; };
		072F04991FF215E1003E4EE4 /* CBCustomCell.m */ = {isa = PBXFileReference; lastKnownFileType = sourcecode.c.objc; path = CBCustomCell.m; sourceTree = "<group>"; };
		072F049B1FF217AE003E4EE4 /* CBCheckBox.h */ = {isa = PBXFileReference; lastKnownFileType = sourcecode.c.h; path = CBCheckBox.h; sourceTree = "<group>"; };
		072F049C1FF217AE003E4EE4 /* CBCheckBox.m */ = {isa = PBXFileReference; lastKnownFileType = sourcecode.c.objc; path = CBCheckBox.m; sourceTree = "<group>"; };
/* End PBXFileReference section */

/* Begin PBXFrameworksBuildPhase section */
		072F04711FF20BB5003E4EE4 /* Frameworks */ = {
			isa = PBXFrameworksBuildPhase;
			buildActionMask = 2147483647;
			files = (
			);
			runOnlyForDeploymentPostprocessing = 0;
		};
/* End PBXFrameworksBuildPhase section */

/* Begin PBXGroup section */
		072F046B1FF20BB5003E4EE4 = {
			isa = PBXGroup;
			children = (
				072F04761FF20BB5003E4EE4 /* Accessory */,
				072F04751FF20BB5003E4EE4 /* Products */,
			);
			sourceTree = "<group>";
		};
		072F04751FF20BB5003E4EE4 /* Products */ = {
			isa = PBXGroup;
			children = (
				072F04741FF20BB5003E4EE4 /* Accessory.app */,
			);
			name = Products;
			sourceTree = "<group>";
		};
		072F04761FF20BB5003E4EE4 /* Accessory */ = {
			isa = PBXGroup;
			children = (
				072F04771FF20BB5003E4EE4 /* AppDelegate.h */,
				072F04781FF20BB5003E4EE4 /* AppDelegate.m */,
				072F048F1FF21339003E4EE4 /* CBAccessoryTableViewController.h */,
				072F04901FF21339003E4EE4 /* CBAccessoryTableViewController.m */,
				072F04921FF213BB003E4EE4 /* CBCustomAccessoryTableViewController.h */,
				072F04931FF213BB003E4EE4 /* CBCustomAccessoryTableViewController.m */,
				072F04951FF214F4003E4EE4 /* CBDetailViewController.h */,
				072F04961FF214F4003E4EE4 /* CBDetailViewController.m */,
				072F04981FF215E1003E4EE4 /* CBCustomCell.h */,
				072F04991FF215E1003E4EE4 /* CBCustomCell.m */,
				072F049B1FF217AE003E4EE4 /* CBCheckBox.h */,
				072F049C1FF217AE003E4EE4 /* CBCheckBox.m */,
				072F047D1FF20BB5003E4EE4 /* Main.storyboard */,
				072F048D1FF212CA003E4EE4 /* TableData.plist */,
				072F04801FF20BB5003E4EE4 /* Assets.xcassets */,
				072F04821FF20BB5003E4EE4 /* LaunchScreen.storyboard */,
				072F04851FF20BB5003E4EE4 /* Info.plist */,
				072F04861FF20BB5003E4EE4 /* main.m */,
			);
			path = Accessory;
			sourceTree = "<group>";
		};
/* End PBXGroup section */

/* Begin PBXNativeTarget section */
		072F04731FF20BB5003E4EE4 /* Accessory */ = {
			isa = PBXNativeTarget;
			buildConfigurationList = 072F048A1FF20BB5003E4EE4 /* Build configuration list for PBXNativeTarget "Accessory" */;
			buildPhases = (
				072F04701FF20BB5003E4EE4 /* Sources */,
				072F04711FF20BB5003E4EE4 /* Frameworks */,
				072F04721FF20BB5003E4EE4 /* Resources */,
			);
			buildRules = (
			);
			dependencies = (
			);
			name = Accessory;
			productName = Accessory;
			productReference = 072F04741FF20BB5003E4EE4 /* Accessory.app */;
			productType = "com.apple.product-type.application";
		};
/* End PBXNativeTarget section */

/* Begin PBXProject section */
		072F046C1FF20BB5003E4EE4 /* Project object */ = {
			isa = PBXProject;
			attributes = {
				CLASSPREFIX = CB;
				LastUpgradeCheck = 0920;
				ORGANIZATIONNAME = ChenBing;
				TargetAttributes = {
					072F04731FF20BB5003E4EE4 = {
						CreatedOnToolsVersion = 9.2;
						ProvisioningStyle = Automatic;
					};
				};
			};
			buildConfigurationList = 072F046F1FF20BB5003E4EE4 /* Build configuration list for PBXProject "Accessory" */;
			compatibilityVersion = "Xcode 8.0";
			developmentRegion = en;
			hasScannedForEncodings = 0;
			knownRegions = (
				en,
				Base,
			);
			mainGroup = 072F046B1FF20BB5003E4EE4;
			productRefGroup = 072F04751FF20BB5003E4EE4 /* Products */;
			projectDirPath = "";
			projectRoot = "";
			targets = (
				072F04731FF20BB5003E4EE4 /* Accessory */,
			);
		};
/* End PBXProject section */

/* Begin PBXResourcesBuildPhase section */
		072F04721FF20BB5003E4EE4 /* Resources */ = {
			isa = PBXResourcesBuildPhase;
			buildActionMask = 2147483647;
			files = (
				072F04841FF20BB5003E4EE4 /* LaunchScreen.storyboard in Resources */,
				072F04811FF20BB5003E4EE4 /* Assets.xcassets in Resources */,
				072F047F1FF20BB5003E4EE4 /* Main.storyboard in Resources */,
				072F048E1FF212CB003E4EE4 /* TableData.plist in Resources */,
			);
			runOnlyForDeploymentPostprocessing = 0;
		};
/* End PBXResourcesBuildPhase section */

/* Begin PBXSourcesBuildPhase section */
		072F04701FF20BB5003E4EE4 /* Sources */ = {
			isa = PBXSourcesBuildPhase;
			buildActionMask = 2147483647;
			files = (
				072F04941FF213BB003E4EE4 /* CBCustomAccessoryTableViewController.m in Sources */,
				072F04871FF20BB5003E4EE4 /* main.m in Sources */,
				072F04971FF214F4003E4EE4 /* CBDetailViewController.m in Sources */,
				072F049D1FF217AE003E4EE4 /* CBCheckBox.m in Sources */,
				072F04911FF21339003E4EE4 /* CBAccessoryTableViewController.m in Sources */,
				072F04791FF20BB5003E4EE4 /* AppDelegate.m in Sources */,
				072F049A1FF215E1003E4EE4 /* CBCustomCell.m in Sources */,
			);
			runOnlyForDeploymentPostprocessing = 0;
		};
/* End PBXSourcesBuildPhase section */

/* Begin PBXVariantGroup section */
		072F047D1FF20BB5003E4EE4 /* Main.storyboard */ = {
			isa = PBXVariantGroup;
			children = (
				072F047E1FF20BB5003E4EE4 /* Base */,
			);
			name = Main.storyboard;
			sourceTree = "<group>";
		};
		072F04821FF20BB5003E4EE4 /* LaunchScreen.storyboard */ = {
			isa = PBXVariantGroup;
			children = (
				072F04831FF20BB5003E4EE4 /* Base */,
			);
			name = LaunchScreen.storyboard;
			sourceTree = "<group>";
		};
/* End PBXVariantGroup section */

/* Begin XCBuildConfiguration section */
		072F04881FF20BB5003E4EE4 /* Debug */ = {
			isa = XCBuildConfiguration;
			buildSettings = {
				ALWAYS_SEARCH_USER_PATHS = NO;
				CLANG_ANALYZER_NONNULL = YES;
				CLANG_ANALYZER_NUMBER_OBJECT_CONVERSION = YES_AGGRESSIVE;
				CLANG_CXX_LANGUAGE_STANDARD = "gnu++14";
				CLANG_CXX_LIBRARY = "libc++";
				CLANG_ENABLE_MODULES = YES;
				CLANG_ENABLE_OBJC_ARC = YES;
				CLANG_WARN_BLOCK_CAPTURE_AUTORELEASING = YES;
				CLANG_WARN_BOOL_CONVERSION = YES;
				CLANG_WARN_COMMA = YES;
				CLANG_WARN_CONSTANT_CONVERSION = YES;
				CLANG_WARN_DIRECT_OBJC_ISA_USAGE = YES_ERROR;
				CLANG_WARN_DOCUMENTATION_COMMENTS = YES;
				CLANG_WARN_EMPTY_BODY = YES;
				CLANG_WARN_ENUM_CONVERSION = YES;
				CLANG_WARN_INFINITE_RECURSION = YES;
				CLANG_WARN_INT_CONVERSION = YES;
				CLANG_WARN_NON_LITERAL_NULL_CONVERSION = YES;
				CLANG_WARN_OBJC_LITERAL_CONVERSION = YES;
				CLANG_WARN_OBJC_ROOT_CLASS = YES_ERROR;
				CLANG_WARN_RANGE_LOOP_ANALYSIS = YES;
				CLANG_WARN_STRICT_PROTOTYPES = YES;
				CLANG_WARN_SUSPICIOUS_MOVE = YES;
				CLANG_WARN_UNGUARDED_AVAILABILITY = YES_AGGRESSIVE;
				CLANG_WARN_UNREACHABLE_CODE = YES;
				CLANG_WARN__DUPLICATE_METHOD_MATCH = YES;
				CODE_SIGN_IDENTITY = "iPhone Developer";
				COPY_PHASE_STRIP = NO;
				DEBUG_INFORMATION_FORMAT = dwarf;
				ENABLE_STRICT_OBJC_MSGSEND = YES;
				ENABLE_TESTABILITY = YES;
				GCC_C_LANGUAGE_STANDARD = gnu11;
				GCC_DYNAMIC_NO_PIC = NO;
				GCC_NO_COMMON_BLOCKS = YES;
				GCC_OPTIMIZATION_LEVEL = 0;
				GCC_PREPROCESSOR_DEFINITIONS = (
					"DEBUG=1",
					"$(inherited)",
				);
				GCC_WARN_64_TO_32_BIT_CONVERSION = YES;
				GCC_WARN_ABOUT_RETURN_TYPE = YES_ERROR;
				GCC_WARN_UNDECLARED_SELECTOR = YES;
				GCC_WARN_UNINITIALIZED_AUTOS = YES_AGGRESSIVE;
				GCC_WARN_UNUSED_FUNCTION = YES;
				GCC_WARN_UNUSED_VARIABLE = YES;
				IPHONEOS_DEPLOYMENT_TARGET = 11.2;
				MTL_ENABLE_DEBUG_INFO = YES;
				ONLY_ACTIVE_ARCH = YES;
				SDKROOT = iphoneos;
			};
			name = Debug;
		};
		072F04891FF20BB5003E4EE4 /* Release */ = {
			isa = XCBuildConfiguration;
			buildSettings = {
				ALWAYS_SEARCH_USER_PATHS = NO;
				CLANG_ANALYZER_NONNULL = YES;
				CLANG_ANALYZER_NUMBER_OBJECT_CONVERSION = YES_AGGRESSIVE;
				CLANG_CXX_LANGUAGE_STANDARD = "gnu++14";
				CLANG_CXX_LIBRARY = "libc++";
				CLANG_ENABLE_MODULES = YES;
				CLANG_ENABLE_OBJC_ARC = YES;
				CLANG_WARN_BLOCK_CAPTURE_AUTORELEASING = YES;
				CLANG_WARN_BOOL_CONVERSION = YES;
				CLANG_WARN_COMMA = YES;
				CLANG_WARN_CONSTANT_CONVERSION = YES;
				CLANG_WARN_DIRECT_OBJC_ISA_USAGE = YES_ERROR;
				CLANG_WARN_DOCUMENTATION_COMMENTS = YES;
				CLANG_WARN_EMPTY_BODY = YES;
				CLANG_WARN_ENUM_CONVERSION = YES;
				CLANG_WARN_INFINITE_RECURSION = YES;
				CLANG_WARN_INT_CONVERSION = YES;
				CLANG_WARN_NON_LITERAL_NULL_CONVERSION = YES;
				CLANG_WARN_OBJC_LITERAL_CONVERSION = YES;
				CLANG_WARN_OBJC_ROOT_CLASS = YES_ERROR;
				CLANG_WARN_RANGE_LOOP_ANALYSIS = YES;
				CLANG_WARN_STRICT_PROTOTYPES = YES;
				CLANG_WARN_SUSPICIOUS_MOVE = YES;
				CLANG_WARN_UNGUARDED_AVAILABILITY = YES_AGGRESSIVE;
				CLANG_WARN_UNREACHABLE_CODE = YES;
				CLANG_WARN__DUPLICATE_METHOD_MATCH = YES;
				CODE_SIGN_IDENTITY = "iPhone Developer";
				COPY_PHASE_STRIP = NO;
				DEBUG_INFORMATION_FORMAT = "dwarf-with-dsym";
				ENABLE_NS_ASSERTIONS = NO;
				ENABLE_STRICT_OBJC_MSGSEND = YES;
				GCC_C_LANGUAGE_STANDARD = gnu11;
				GCC_NO_COMMON_BLOCKS = YES;
				GCC_WARN_64_TO_32_BIT_CONVERSION = YES;
				GCC_WARN_ABOUT_RETURN_TYPE = YES_ERROR;
				GCC_WARN_UNDECLARED_SELECTOR = YES;
				GCC_WARN_UNINITIALIZED_AUTOS = YES_AGGRESSIVE;
				GCC_WARN_UNUSED_FUNCTION = YES;
				GCC_WARN_UNUSED_VARIABLE = YES;
				IPHONEOS_DEPLOYMENT_TARGET = 11.2;
				MTL_ENABLE_DEBUG_INFO = NO;
				SDKROOT = iphoneos;
				VALIDATE_PRODUCT = YES;
			};
			name = Release;
		};
		072F048B1FF20BB5003E4EE4 /* Debug */ = {
			isa = XCBuildConfiguration;
			buildSettings = {
				CODE_SIGN_STYLE = Automatic;
				DEVELOPMENT_TEAM = 6E47G4U83C;
				INFOPLIST_FILE = Accessory/Info.plist;
				IPHONEOS_DEPLOYMENT_TARGET = 9.0;
				LD_RUNPATH_SEARCH_PATHS = "$(inherited) @executable_path/Frameworks";
				PRODUCT_BUNDLE_IDENTIFIER = com.chenbing.Accessory;
				PRODUCT_NAME = "$(TARGET_NAME)";
				TARGETED_DEVICE_FAMILY = "1,2";
			};
			name = Debug;
		};
		072F048C1FF20BB5003E4EE4 /* Release */ = {
			isa = XCBuildConfiguration;
			buildSettings = {
				CODE_SIGN_STYLE = Automatic;
				DEVELOPMENT_TEAM = 6E47G4U83C;
				INFOPLIST_FILE = Accessory/Info.plist;
				IPHONEOS_DEPLOYMENT_TARGET = 9.0;
				LD_RUNPATH_SEARCH_PATHS = "$(inherited) @executable_path/Frameworks";
				PRODUCT_BUNDLE_IDENTIFIER = com.chenbing.Accessory;
				PRODUCT_NAME = "$(TARGET_NAME)";
				TARGETED_DEVICE_FAMILY = "1,2";
			};
			name = Release;
		};
/* End XCBuildConfiguration section */

/* Begin XCConfigurationList section */
		072F046F1FF20BB5003E4EE4 /* Build configuration list for PBXProject "Accessory" */ = {
			isa = XCConfigurationList;
			buildConfigurations = (
				072F04881FF20BB5003E4EE4 /* Debug */,
				072F04891FF20BB5003E4EE4 /* Release */,
			);
			defaultConfigurationIsVisible = 0;
			defaultConfigurationName = Release;
		};
		072F048A1FF20BB5003E4EE4 /* Build configuration list for PBXNativeTarget "Accessory" */ = {
			isa = XCConfigurationList;
			buildConfigurations = (
				072F048B1FF20BB5003E4EE4 /* Debug */,
				072F048C1FF20BB5003E4EE4 /* Release */,
			);
			defaultConfigurationIsVisible = 0;
			defaultConfigurationName = Release;
		};
/* End XCConfigurationList section */
	};
	rootObject = 072F046C1FF20BB5003E4EE4 /* Project object */;
}
